
Microsoft Visual Studio Solution File, Format Version 12.00
# Visual Studio Version 17
VisualStudioVersion = 17.2.32630.192
MinimumVisualStudioVersion = 10.0.40219.1
Project("{FAE04EC0-301F-11D3-BF4B-00C04F79EFBC}") = "Fantasma", "Fantasma.csproj", "{96116402-1B26-48CA-8178-B97E21672ED1}"
EndProject
Global
	GlobalSection(SolutionConfigurationPlatforms) = preSolution
		Debug|Any CPU = Debug|Any CPU
		Release|Any CPU = Release|Any CPU
	EndGlobalSection
	GlobalSection(ProjectConfigurationPlatforms) = postSolution
		{96116402-1B26-48CA-8178-B97E21672ED1}.Debug|Any CPU.ActiveCfg = Debug|Any CPU
		{96116402-1B26-48CA-8178-B97E21672ED1}.Debug|Any CPU.Build.0 = Debug|Any CPU
		{96116402-1B26-48CA-8178-B97E21672ED1}.Release|Any CPU.ActiveCfg = Release|Any CPU
		{96116402-1B26-48CA-8178-B97E21672ED1}.Release|Any CPU.Build.0 = Release|Any CPU
	EndGlobalSection
	GlobalSection(SolutionProperties) = preSolution
		HideSolutionNode = FALSE
	EndGlobalSection
	GlobalSection(ExtensibilityGlobals) = postSolution
		SolutionGuid = {61401A65-B521-4EDC-96D8-C4EBD4C6D17E}
	EndGlobalSection
EndGlobal
